
Microsoft Visual Studio Solution File, Format Version 12.00
# Visual Studio Version 17
VisualStudioVersion = 17.4.33205.214
MinimumVisualStudioVersion = 10.0.40219.1
Project("{2150E333-8FDC-42A3-9474-1A3956D46DE8}") = "docs", "docs", "{479C76D1-F835-43B6-A9A6-63E9EBE7DFB7}"
EndProject
Project("{2150E333-8FDC-42A3-9474-1A3956D46DE8}") = "samples", "samples", "{1C9BF2CB-A273-4566-B04E-D59DB73E8B35}"
EndProject
Project("{2150E333-8FDC-42A3-9474-1A3956D46DE8}") = "src", "src", "{B6F4A469-0612-4B4C-93A5-3924E666DD19}"
EndProject
Project("{2150E333-8FDC-42A3-9474-1A3956D46DE8}") = "Client", "Client", "{529112F5-132B-463B-82C6-A50B1EC4E137}"
EndProject
Project("{2150E333-8FDC-42A3-9474-1A3956D46DE8}") = "EntityFramework", "EntityFramework", "{AFF402F7-11BE-4386-8D90-889A7ED804E3}"
EndProject
Project("{2150E333-8FDC-42A3-9474-1A3956D46DE8}") = "Server", "Server", "{5F230E7D-1DC3-405A-AA9C-BC6FBE1B1C28}"
EndProject
Project("{2150E333-8FDC-42A3-9474-1A3956D46DE8}") = "Domain", "Domain", "{8590C982-152E-45EF-B253-6EC89C164F68}"
EndProject
Project("{2150E333-8FDC-42A3-9474-1A3956D46DE8}") = "Storage", "Storage", "{6EFF150E-4828-47F6-8C37-873A73A589D8}"
EndProject
Project("{2150E333-8FDC-42A3-9474-1A3956D46DE8}") = "Storage.SqlServer", "Storage.SqlServer", "{82C6541C-A890-4795-BD97-70F618701248}"
EndProject
Project("{9A19103F-16F7-4668-BE54-9A1E7A4F7556}") = "Healox.PermissionServer.Domain", "src\Domain\Healox.PermissionServer.Domain.csproj", "{C8191D19-3D6D-4C44-BD3F-7BEF6D343B72}"
EndProject
Project("{9A19103F-16F7-4668-BE54-9A1E7A4F7556}") = "Healox.PermissionServer.EntityFramework.Storage", "src\EntityFramework\Storage\Healox.PermissionServer.EntityFramework.Storage.csproj", "{07927345-2669-4C13-9A25-FA2DF57C997D}"
EndProject
Project("{9A19103F-16F7-4668-BE54-9A1E7A4F7556}") = "Healox.PermissionServer.EntityFramework.Storage.SqlServer", "src\EntityFramework\Storage.SqlServer\Healox.PermissionServer.EntityFramework.Storage.SqlServer.csproj", "{0F0C7F2C-F1A7-4B33-9946-E757F57A9A42}"
EndProject
Project("{9A19103F-16F7-4668-BE54-9A1E7A4F7556}") = "Healox.PermissionServer.Client", "src\Client\Healox.PermissionServer.Client.csproj", "{FE812358-4A68-4E1B-BC92-2532E7E0175B}"
EndProject
Project("{9A19103F-16F7-4668-BE54-9A1E7A4F7556}") = "Healox.PermissionServer", "src\Server\Healox.PermissionServer.csproj", "{7D55914E-7FC8-459E-AD41-BD1CD8FBDF1D}"
EndProject
Global
	GlobalSection(SolutionConfigurationPlatforms) = preSolution
		Debug|Any CPU = Debug|Any CPU
		Release|Any CPU = Release|Any CPU
	EndGlobalSection
	GlobalSection(ProjectConfigurationPlatforms) = postSolution
		{C8191D19-3D6D-4C44-BD3F-7BEF6D343B72}.Debug|Any CPU.ActiveCfg = Debug|Any CPU
		{C8191D19-3D6D-4C44-BD3F-7BEF6D343B72}.Debug|Any CPU.Build.0 = Debug|Any CPU
		{C8191D19-3D6D-4C44-BD3F-7BEF6D343B72}.Release|Any CPU.ActiveCfg = Release|Any CPU
		{C8191D19-3D6D-4C44-BD3F-7BEF6D343B72}.Release|Any CPU.Build.0 = Release|Any CPU
		{07927345-2669-4C13-9A25-FA2DF57C997D}.Debug|Any CPU.ActiveCfg = Debug|Any CPU
		{07927345-2669-4C13-9A25-FA2DF57C997D}.Debug|Any CPU.Build.0 = Debug|Any CPU
		{07927345-2669-4C13-9A25-FA2DF57C997D}.Release|Any CPU.ActiveCfg = Release|Any CPU
		{07927345-2669-4C13-9A25-FA2DF57C997D}.Release|Any CPU.Build.0 = Release|Any CPU
		{0F0C7F2C-F1A7-4B33-9946-E757F57A9A42}.Debug|Any CPU.ActiveCfg = Debug|Any CPU
		{0F0C7F2C-F1A7-4B33-9946-E757F57A9A42}.Debug|Any CPU.Build.0 = Debug|Any CPU
		{0F0C7F2C-F1A7-4B33-9946-E757F57A9A42}.Release|Any CPU.ActiveCfg = Release|Any CPU
		{0F0C7F2C-F1A7-4B33-9946-E757F57A9A42}.Release|Any CPU.Build.0 = Release|Any CPU
		{FE812358-4A68-4E1B-BC92-2532E7E0175B}.Debug|Any CPU.ActiveCfg = Debug|Any CPU
		{FE812358-4A68-4E1B-BC92-2532E7E0175B}.Debug|Any CPU.Build.0 = Debug|Any CPU
		{FE812358-4A68-4E1B-BC92-2532E7E0175B}.Release|Any CPU.ActiveCfg = Release|Any CPU
		{FE812358-4A68-4E1B-BC92-2532E7E0175B}.Release|Any CPU.Build.0 = Release|Any CPU
		{7D55914E-7FC8-459E-AD41-BD1CD8FBDF1D}.Debug|Any CPU.ActiveCfg = Debug|Any CPU
		{7D55914E-7FC8-459E-AD41-BD1CD8FBDF1D}.Debug|Any CPU.Build.0 = Debug|Any CPU
		{7D55914E-7FC8-459E-AD41-BD1CD8FBDF1D}.Release|Any CPU.ActiveCfg = Release|Any CPU
		{7D55914E-7FC8-459E-AD41-BD1CD8FBDF1D}.Release|Any CPU.Build.0 = Release|Any CPU
	EndGlobalSection
	GlobalSection(SolutionProperties) = preSolution
		HideSolutionNode = FALSE
	EndGlobalSection
	GlobalSection(NestedProjects) = preSolution
		{529112F5-132B-463B-82C6-A50B1EC4E137} = {B6F4A469-0612-4B4C-93A5-3924E666DD19}
		{AFF402F7-11BE-4386-8D90-889A7ED804E3} = {B6F4A469-0612-4B4C-93A5-3924E666DD19}
		{5F230E7D-1DC3-405A-AA9C-BC6FBE1B1C28} = {B6F4A469-0612-4B4C-93A5-3924E666DD19}
		{8590C982-152E-45EF-B253-6EC89C164F68} = {B6F4A469-0612-4B4C-93A5-3924E666DD19}
		{6EFF150E-4828-47F6-8C37-873A73A589D8} = {AFF402F7-11BE-4386-8D90-889A7ED804E3}
		{82C6541C-A890-4795-BD97-70F618701248} = {AFF402F7-11BE-4386-8D90-889A7ED804E3}
		{C8191D19-3D6D-4C44-BD3F-7BEF6D343B72} = {8590C982-152E-45EF-B253-6EC89C164F68}
		{07927345-2669-4C13-9A25-FA2DF57C997D} = {6EFF150E-4828-47F6-8C37-873A73A589D8}
		{0F0C7F2C-F1A7-4B33-9946-E757F57A9A42} = {82C6541C-A890-4795-BD97-70F618701248}
		{FE812358-4A68-4E1B-BC92-2532E7E0175B} = {529112F5-132B-463B-82C6-A50B1EC4E137}
		{7D55914E-7FC8-459E-AD41-BD1CD8FBDF1D} = {5F230E7D-1DC3-405A-AA9C-BC6FBE1B1C28}
	EndGlobalSection
	GlobalSection(ExtensibilityGlobals) = postSolution
		SolutionGuid = {CFC6C382-110F-40FC-8D13-1383B04A6EDC}
	EndGlobalSection
EndGlobal
